
Microsoft Visual Studio Solution File, Format Version 12.00
# Visual Studio Version 16
VisualStudioVersion = 16.0.30002.166
MinimumVisualStudioVersion = 10.0.40219.1
Project("{FAE04EC0-301F-11D3-BF4B-00C04F79EFBC}") = "MachineLearning", "MachineLearning\MachineLearning.csproj", "{3043D49C-E0BC-4961-80A6-4EB71FBB9771}"
EndProject
Project("{9A19103F-16F7-4668-BE54-9A1E7A4F7556}") = "MachineLearningML.Model", "MachineLearningML.Model\MachineLearningML.Model.csproj", "{BB5490C8-44B4-45AD-B917-2319E26587CB}"
EndProject
Project("{9A19103F-16F7-4668-BE54-9A1E7A4F7556}") = "MachineLearningML.ConsoleApp", "MachineLearningML.ConsoleApp\MachineLearningML.ConsoleApp.csproj", "{C919FD99-544F-493F-AA18-7C1B69CF7F91}"
EndProject
Global
	GlobalSection(SolutionConfigurationPlatforms) = preSolution
		Debug|Any CPU = Debug|Any CPU
		Release|Any CPU = Release|Any CPU
	EndGlobalSection
	GlobalSection(ProjectConfigurationPlatforms) = postSolution
		{3043D49C-E0BC-4961-80A6-4EB71FBB9771}.Debug|Any CPU.ActiveCfg = Debug|Any CPU
		{3043D49C-E0BC-4961-80A6-4EB71FBB9771}.Debug|Any CPU.Build.0 = Debug|Any CPU
		{3043D49C-E0BC-4961-80A6-4EB71FBB9771}.Release|Any CPU.ActiveCfg = Release|Any CPU
		{3043D49C-E0BC-4961-80A6-4EB71FBB9771}.Release|Any CPU.Build.0 = Release|Any CPU
		{BB5490C8-44B4-45AD-B917-2319E26587CB}.Debug|Any CPU.ActiveCfg = Debug|Any CPU
		{BB5490C8-44B4-45AD-B917-2319E26587CB}.Debug|Any CPU.Build.0 = Debug|Any CPU
		{BB5490C8-44B4-45AD-B917-2319E26587CB}.Release|Any CPU.ActiveCfg = Release|Any CPU
		{BB5490C8-44B4-45AD-B917-2319E26587CB}.Release|Any CPU.Build.0 = Release|Any CPU
		{C919FD99-544F-493F-AA18-7C1B69CF7F91}.Debug|Any CPU.ActiveCfg = Debug|Any CPU
		{C919FD99-544F-493F-AA18-7C1B69CF7F91}.Debug|Any CPU.Build.0 = Debug|Any CPU
		{C919FD99-544F-493F-AA18-7C1B69CF7F91}.Release|Any CPU.ActiveCfg = Release|Any CPU
		{C919FD99-544F-493F-AA18-7C1B69CF7F91}.Release|Any CPU.Build.0 = Release|Any CPU
	EndGlobalSection
	GlobalSection(SolutionProperties) = preSolution
		HideSolutionNode = FALSE
	EndGlobalSection
	GlobalSection(ExtensibilityGlobals) = postSolution
		SolutionGuid = {3ACF0286-151B-4F56-B147-F601FB904F2D}
	EndGlobalSection
EndGlobal
